github.com/avct/uasurfer v0.0.0-20191028135549-26b5daa857f1 h1:9h8f71kuF1pqovnn9h7LTHLEjxzyQaj0j1rQq5nsMM4=
github.com/avct/uasurfer v0.0.0-20191028135549-26b5daa857f1/go.mod h1:noBAuukeYOXa0aXGqxr24tADqkwDO2KRD15FsuaZ5a8=
github.com/gorilla/websocket v1.4.2 h1:+/TMaTYc4QFitKJxsQ7Yye35DkWvkdLcvGKqM+x0Ufc=
github.com/gorilla/websocket v1.4.2/go.mod h1:YR8l580nyteQvAITg2hZ9XVh4b55+EU/adAjf1fMHhE=
github.com/tdewolff/minify v1.1.0 h1:nxHQi1ML+g3ZbZHffiZ6eC7vMqNvSRfX3KB5Y5y/kfw=
github.com/tdewolff/minify v2.3.6+incompatible h1:2hw5/9ZvxhWLvBUnHE06gElGYz+Jv9R4Eys0XUzItYo=
github.com/tdewolff/minify v2.3.6+incompatible/go.mod h1:9Ov578KJUmAWpS6NeZwRZyT56Uf6o3Mcz9CEsg8USYs=
github.com/tdewolff/parse v1.1.0 h1:tMjj9GCK8zzwjWyxdZ4pabzdWO1VG+G3bvCnG6aUIyQ=
github.com/tdewolff/parse v2.3.4+incompatible h1:x05/cnGwIMf4ceLuDMBOdQ1qGniMoxpP46ghf0Qzh38=
github.com/tdewolff/parse v2.3.4+incompatible/go.mod h1:8oBwCsVmUkgHO8M5iCzSIDtpzXOT0WXX9cWhz+bIzJQ=
github.com/webability-go/wajaf v0.0.0-20200403002915-ca4d9051a8a1 h1:FGXWo8uUknOAT/K2i6mSHSUIDXKs81iR67/Y1DbU+/0=
github.com/webability-go/wajaf v0.0.0-20200403002915-ca4d9051a8a1/go.mod h1:ukj3/O6l+ouhVpyKOeReRhYpSJx/qtwAb/pDRJyDxAs=
github.com/webability-go/wajaf v0.0.1 h1:ocPq5kNoprSaGCts9NKkKNyjylkNXZSHf5YAQE6pQ1M=
github.com/webability-go/wajaf v0.0.1/go.mod h1:ukj3/O6l+ouhVpyKOeReRhYpSJx/qtwAb/pDRJyDxAs=
github.com/webability-go/wajaf v0.0.2 h1:VphX4NALt5PnMkcHZ4nVLrQwX+2+4PL8+OjxxQ1kz8c=
github.com/webability-go/wajaf v0.0.2/go.mod h1:ukj3/O6l+ouhVpyKOeReRhYpSJx/qtwAb/pDRJyDxAs=
github.com/webability-go/wajaf v0.0.5 h1:uH7Lg9CCPxT2Qp59gb7n8eVhXKhjr+peHmiXI+/hAZ4=
github.com/webability-go/wajaf v0.0.5/go.mod h1:aBwEQGUjwMbMrrQiJcSuVU76JfTDK2/hWepZym89PyY=
github.com/webability-go/wajaf v0.0.6 h1:6bZVY0hgF7ioB1TIzN3Ww/pe8zJ0KC7ptahP0HyYY9A=
github.com/webability-go/wajaf v0.0.6/go.mod h1:aBwEQGUjwMbMrrQiJcSuVU76JfTDK2/hWepZym89PyY=
github.com/webability-go/wajaf v0.0.7 h1:CIls4r0yNdgnG24WO6CkQ7a4QFYELyL2Uso1wPn1XFE=
github.com/webability-go/wajaf v0.0.7/go.mod h1:aBwEQGUjwMbMrrQiJcSuVU76JfTDK2/hWepZym89PyY=
github.com/webability-go/wajaf v0.0.8 h1:k7jhxMGQAl3evh2jzCrqMC0zGrkY60scmu/XFmIL7ec=
github.com/webability-go/wajaf v0.0.8/go.mod h1:aBwEQGUjwMbMrrQiJcSuVU76JfTDK2/hWepZym89PyY=
github.com/webability-go/wajaf v0.0.9 h1:9lO2iRCFi7vsofxgl4Dm3fZo15ODhCHgMQoDD45LfrU=
github.com/webability-go/wajaf v0.0.9/go.mod h1:aBwEQGUjwMbMrrQiJcSuVU76JfTDK2/hWepZym89PyY=
github.com/webability-go/wajaf v0.0.10 h1:vQhEmxRy8Wph7Um3uO4/uz4ZiqYvqOMEUZz+o6GaeSo=
github.com/webability-go/wajaf v0.0.10/go.mod h1:aBwEQGUjwMbMrrQiJcSuVU76JfTDK2/hWepZym89PyY=
github.com/webability-go/xconfig v0.4.0 h1:avwYQ8y1d3EJY6x5Yu4rjWd8I85prCYHuFvH20Y4Zzw=
github.com/webability-go/xconfig v0.4.0/go.mod h1:rOt/+lXMz7zAxkzLXzTjJNGUB85+L8PxUPUFCctpC9I=
github.com/webability-go/xcore v1.1.0 h1:mvlNUDeleKdx+3MbbsiF6wpfQUgXOFg4YabImZBttMw=
github.com/webability-go/xcore v1.1.0/go.mod h1:Wq0uDNASOhur5bEOqGiEfBzDtq4NowjVeqgQkbftW/E=
github.com/webability-go/xcore/v2 v2.0.2 h1:ztdwunb54Oe3i+qMV+JZAl2yGhMhjsWLr5oGRW9acpQ=
github.com/webability-go/xcore/v2 v2.0.2/go.mod h1:8ZughUZ/qGYTcp02igrR43TjH+s+hsoV3m/rseLd3ZQ=
github.com/webability-go/xcore/v2 v2.0.3 h1:itBdqhoHHtaZ4s6ti3SybcRrRO0d078u5gVDAzrgi5Y=
github.com/webability-go/xcore/v2 v2.0.3/go.mod h1:8ZughUZ/qGYTcp02igrR43TjH+s+hsoV3m/rseLd3ZQ=
golang.org/x/text v0.3.2 h1:tW2bmiBqwgJj/UpqtC8EpXEZVYOwU0yG4iWbprSVAcs=
golang.org/x/text v0.3.2/go.mod h1:bEr9sfX3Q8Zfm5fL9x+3itogRgK3+ptLWKqgva+5dAk=
golang.org/x/tools v0.0.0-20180917221912-90fa682c2a6e/go.mod h1:n7NCudcB/nEzxVGmLbDWY5pfWTLqBcC2KZ6jyYvM4mQ=
